
Microsoft Visual Studio Solution File, Format Version 12.00
# Visual Studio Version 16
VisualStudioVersion = 16.0.32126.315
MinimumVisualStudioVersion = 10.0.40219.1
Project("{FAE04EC0-301F-11D3-BF4B-00C04F79EFBC}") = "03M-SolarFarmAssessment.UI", "03M-SolarFarmAssessment.UI\03M-SolarFarmAssessment.UI.csproj", "{A271316D-15CA-4A4B-8B4E-7FB2C4979554}"
EndProject
Project("{FAE04EC0-301F-11D3-BF4B-00C04F79EFBC}") = "03M-SolarFarmAssessment.Core", "03M-SolarFarmAssessment.Core\03M-SolarFarmAssessment.Core.csproj", "{9A4F4C99-70B9-45BD-BA28-6F72EB1736BE}"
EndProject
Project("{FAE04EC0-301F-11D3-BF4B-00C04F79EFBC}") = "03M-SolarFarmAssessment.Test", "03M-SolarFarmAssessment.Test\03M-SolarFarmAssessment.Test.csproj", "{9A4AF48E-D716-4E11-91DA-FEFD2FBB40FD}"
EndProject
Project("{FAE04EC0-301F-11D3-BF4B-00C04F79EFBC}") = "03M-SolarFarmAssessment.DAL", "03M-SolarFarmAssessment.DAL\03M-SolarFarmAssessment.DAL.csproj", "{F297C7BC-BDC1-41BC-A070-556C21104B98}"
EndProject
Project("{FAE04EC0-301F-11D3-BF4B-00C04F79EFBC}") = "03M-SolarFarmAssessment.BLL", "03M-SolarFarmAssessment.BLL\03M-SolarFarmAssessment.BLL.csproj", "{30A631AD-D3CB-4257-98FD-F337ABD04582}"
EndProject
Global
	GlobalSection(SolutionConfigurationPlatforms) = preSolution
		Debug|Any CPU = Debug|Any CPU
		Release|Any CPU = Release|Any CPU
	EndGlobalSection
	GlobalSection(ProjectConfigurationPlatforms) = postSolution
		{A271316D-15CA-4A4B-8B4E-7FB2C4979554}.Debug|Any CPU.ActiveCfg = Debug|Any CPU
		{A271316D-15CA-4A4B-8B4E-7FB2C4979554}.Debug|Any CPU.Build.0 = Debug|Any CPU
		{A271316D-15CA-4A4B-8B4E-7FB2C4979554}.Release|Any CPU.ActiveCfg = Release|Any CPU
		{A271316D-15CA-4A4B-8B4E-7FB2C4979554}.Release|Any CPU.Build.0 = Release|Any CPU
		{9A4F4C99-70B9-45BD-BA28-6F72EB1736BE}.Debug|Any CPU.ActiveCfg = Debug|Any CPU
		{9A4F4C99-70B9-45BD-BA28-6F72EB1736BE}.Debug|Any CPU.Build.0 = Debug|Any CPU
		{9A4F4C99-70B9-45BD-BA28-6F72EB1736BE}.Release|Any CPU.ActiveCfg = Release|Any CPU
		{9A4F4C99-70B9-45BD-BA28-6F72EB1736BE}.Release|Any CPU.Build.0 = Release|Any CPU
		{9A4AF48E-D716-4E11-91DA-FEFD2FBB40FD}.Debug|Any CPU.ActiveCfg = Debug|Any CPU
		{9A4AF48E-D716-4E11-91DA-FEFD2FBB40FD}.Debug|Any CPU.Build.0 = Debug|Any CPU
		{9A4AF48E-D716-4E11-91DA-FEFD2FBB40FD}.Release|Any CPU.ActiveCfg = Release|Any CPU
		{9A4AF48E-D716-4E11-91DA-FEFD2FBB40FD}.Release|Any CPU.Build.0 = Release|Any CPU
		{F297C7BC-BDC1-41BC-A070-556C21104B98}.Debug|Any CPU.ActiveCfg = Debug|Any CPU
		{F297C7BC-BDC1-41BC-A070-556C21104B98}.Debug|Any CPU.Build.0 = Debug|Any CPU
		{F297C7BC-BDC1-41BC-A070-556C21104B98}.Release|Any CPU.ActiveCfg = Release|Any CPU
		{F297C7BC-BDC1-41BC-A070-556C21104B98}.Release|Any CPU.Build.0 = Release|Any CPU
		{30A631AD-D3CB-4257-98FD-F337ABD04582}.Debug|Any CPU.ActiveCfg = Debug|Any CPU
		{30A631AD-D3CB-4257-98FD-F337ABD04582}.Debug|Any CPU.Build.0 = Debug|Any CPU
		{30A631AD-D3CB-4257-98FD-F337ABD04582}.Release|Any CPU.ActiveCfg = Release|Any CPU
		{30A631AD-D3CB-4257-98FD-F337ABD04582}.Release|Any CPU.Build.0 = Release|Any CPU
	EndGlobalSection
	GlobalSection(SolutionProperties) = preSolution
		HideSolutionNode = FALSE
	EndGlobalSection
	GlobalSection(ExtensibilityGlobals) = postSolution
		SolutionGuid = {D29E7811-6673-40C3-8C78-E62263AA2BB6}
	EndGlobalSection
EndGlobal
